
Microsoft Visual Studio Solution File, Format Version 12.00
# Visual Studio Version 17
VisualStudioVersion = 17.6.33829.357
MinimumVisualStudioVersion = 10.0.40219.1
Project("{FAE04EC0-301F-11D3-BF4B-00C04F79EFBC}") = "LEKSupply", "LEKSupply.csproj", "{7704B4AD-F43A-41F9-9A85-15E43BC2A84E}"
EndProject
Global
	GlobalSection(SolutionConfigurationPlatforms) = preSolution
		Debug|Any CPU = Debug|Any CPU
		Release|Any CPU = Release|Any CPU
	EndGlobalSection
	GlobalSection(ProjectConfigurationPlatforms) = postSolution
		{7704B4AD-F43A-41F9-9A85-15E43BC2A84E}.Debug|Any CPU.ActiveCfg = Debug|Any CPU
		{7704B4AD-F43A-41F9-9A85-15E43BC2A84E}.Debug|Any CPU.Build.0 = Debug|Any CPU
		{7704B4AD-F43A-41F9-9A85-15E43BC2A84E}.Release|Any CPU.ActiveCfg = Release|Any CPU
		{7704B4AD-F43A-41F9-9A85-15E43BC2A84E}.Release|Any CPU.Build.0 = Release|Any CPU
	EndGlobalSection
	GlobalSection(SolutionProperties) = preSolution
		HideSolutionNode = FALSE
	EndGlobalSection
	GlobalSection(ExtensibilityGlobals) = postSolution
		SolutionGuid = {2C54A709-A686-46FF-BDEF-31010630EDAA}
	EndGlobalSection
EndGlobal
